// !$*UTF8*$!
{
	archiveVersion = 1;
	classes = {
	};
	objectVersion = 46;
	objects = {

/* Begin PBXBuildFile section */
		0ACACC4F177F5E9400F522E1 /* UIKit.framework in Frameworks */ = {isa = PBXBuildFile; fileRef = 0ACACC4E177F5E9400F522E1 /* UIKit.framework */; };
		0ACACC51177F5E9400F522E1 /* Foundation.framework in Frameworks */ = {isa = PBXBuildFile; fileRef = 0ACACC50177F5E9400F522E1 /* Foundation.framework */; };
		0ACACC53177F5E9400F522E1 /* CoreGraphics.framework in Frameworks */ = {isa = PBXBuildFile; fileRef = 0ACACC52177F5E9400F522E1 /* CoreGraphics.framework */; };
		0ACACC59177F5E9400F522E1 /* InfoPlist.strings in Resources */ = {isa = PBXBuildFile; fileRef = 0ACACC57177F5E9400F522E1 /* InfoPlist.strings */; };
		0ACACC5B177F5E9400F522E1 /* main.m in Sources */ = {isa = PBXBuildFile; fileRef = 0ACACC5A177F5E9400F522E1 /* main.m */; };
		0ACACC5F177F5E9400F522E1 /* LMAppDelegate.m in Sources */ = {isa = PBXBuildFile; fileRef = 0ACACC5E177F5E9400F522E1 /* LMAppDelegate.m */; };
		0ACACC61177F5E9400F522E1 /* Default.png in Resources */ = {isa = PBXBuildFile; fileRef = 0ACACC60177F5E9400F522E1 /* Default.png */; };
		0ACACC63177F5E9400F522E1 /* Default@2x.png in Resources */ = {isa = PBXBuildFile; fileRef = 0ACACC62177F5E9400F522E1 /* Default@2x.png */; };
		0ACACC65177F5E9400F522E1 /* Default-568h@2x.png in Resources */ = {isa = PBXBuildFile; fileRef = 0ACACC64177F5E9400F522E1 /* Default-568h@2x.png */; };
		0ACACC68177F5E9400F522E1 /* MainStoryboard_iPhone.storyboard in Resources */ = {isa = PBXBuildFile; fileRef = 0ACACC66177F5E9400F522E1 /* MainStoryboard_iPhone.storyboard */; };
		0ACACC6B177F5E9400F522E1 /* MainStoryboard_iPad.storyboard in Resources */ = {isa = PBXBuildFile; fileRef = 0ACACC69177F5E9400F522E1 /* MainStoryboard_iPad.storyboard */; };
		0ACACC6E177F5E9400F522E1 /* LMViewController.m in Sources */ = {isa = PBXBuildFile; fileRef = 0ACACC6D177F5E9400F522E1 /* LMViewController.m */; };
/* End PBXBuildFile section */

/* Begin PBXFileReference section */
		0ACACC4B177F5E9400F522E1 /* IOS-Freebox.app */ = {isa = PBXFileReference; explicitFileType = wrapper.application; includeInIndex = 0; path = "IOS-Freebox.app"; sourceTree = BUILT_PRODUCTS_DIR; };
		0ACACC4E177F5E9400F522E1 /* UIKit.framework */ = {isa = PBXFileReference; lastKnownFileType = wrapper.framework; name = UIKit.framework; path = System/Library/Frameworks/UIKit.framework; sourceTree = SDKROOT; };
		0ACACC50177F5E9400F522E1 /* Foundation.framework */ = {isa = PBXFileReference; lastKnownFileType = wrapper.framework; name = Foundation.framework; path = System/Library/Frameworks/Foundation.framework; sourceTree = SDKROOT; };
		0ACACC52177F5E9400F522E1 /* CoreGraphics.framework */ = {isa = PBXFileReference; lastKnownFileType = wrapper.framework; name = CoreGraphics.framework; path = System/Library/Frameworks/CoreGraphics.framework; sourceTree = SDKROOT; };
		0ACACC56177F5E9400F522E1 /* IOS-Freebox-Info.plist */ = {isa = PBXFileReference; lastKnownFileType = text.plist.xml; path = "IOS-Freebox-Info.plist"; sourceTree = "<group>"; };
		0ACACC58177F5E9400F522E1 /* en */ = {isa = PBXFileReference; lastKnownFileType = text.plist.strings; name = en; path = en.lproj/InfoPlist.strings; sourceTree = "<group>"; };
		0ACACC5A177F5E9400F522E1 /* main.m */ = {isa = PBXFileReference; lastKnownFileType = sourcecode.c.objc; path = main.m; sourceTree = "<group>"; };
		0ACACC5C177F5E9400F522E1 /* IOS-Freebox-Prefix.pch */ = {isa = PBXFileReference; lastKnownFileType = sourcecode.c.h; path = "IOS-Freebox-Prefix.pch"; sourceTree = "<group>"; };
		0ACACC5D177F5E9400F522E1 /* LMAppDelegate.h */ = {isa = PBXFileReference; lastKnownFileType = sourcecode.c.h; path = LMAppDelegate.h; sourceTree = "<group>"; };
		0ACACC5E177F5E9400F522E1 /* LMAppDelegate.m */ = {isa = PBXFileReference; lastKnownFileType = sourcecode.c.objc; path = LMAppDelegate.m; sourceTree = "<group>"; };
		0ACACC60177F5E9400F522E1 /* Default.png */ = {isa = PBXFileReference; lastKnownFileType = image.png; path = Default.png; sourceTree = "<group>"; };
		0ACACC62177F5E9400F522E1 /* Default@2x.png */ = {isa = PBXFileReference; lastKnownFileType = image.png; path = "Default@2x.png"; sourceTree = "<group>"; };
		0ACACC64177F5E9400F522E1 /* Default-568h@2x.png */ = {isa = PBXFileReference; lastKnownFileType = image.png; path = "Default-568h@2x.png"; sourceTree = "<group>"; };
		0ACACC67177F5E9400F522E1 /* en */ = {isa = PBXFileReference; lastKnownFileType = file.storyboard; name = en; path = en.lproj/MainStoryboard_iPhone.storyboard; sourceTree = "<group>"; };
		0ACACC6A177F5E9400F522E1 /* en */ = {isa = PBXFileReference; lastKnownFileType = file.storyboard; name = en; path = en.lproj/MainStoryboard_iPad.storyboard; sourceTree = "<group>"; };
		0ACACC6C177F5E9400F522E1 /* LMViewController.h */ = {isa = PBXFileReference; lastKnownFileType = sourcecode.c.h; path = LMViewController.h; sourceTree = "<group>"; };
		0ACACC6D177F5E9400F522E1 /* LMViewController.m */ = {isa = PBXFileReference; lastKnownFileType = sourcecode.c.objc; path = LMViewController.m; sourceTree = "<group>"; };
/* End PBXFileReference section */

/* Begin PBXFrameworksBuildPhase section */
		0ACACC48177F5E9400F522E1 /* Frameworks */ = {
			isa = PBXFrameworksBuildPhase;
			buildActionMask = 2147483647;
			files = (
				0ACACC4F177F5E9400F522E1 /* UIKit.framework in Frameworks */,
				0ACACC51177F5E9400F522E1 /* Foundation.framework in Frameworks */,
				0ACACC53177F5E9400F522E1 /* CoreGraphics.framework in Frameworks */,
			);
			runOnlyForDeploymentPostprocessing = 0;
		};
/* End PBXFrameworksBuildPhase section */

/* Begin PBXGroup section */
		0ACACC42177F5E9300F522E1 = {
			isa = PBXGroup;
			children = (
				0ACACC54177F5E9400F522E1 /* IOS-Freebox */,
				0ACACC4D177F5E9400F522E1 /* Frameworks */,
				0ACACC4C177F5E9400F522E1 /* Products */,
			);
			sourceTree = "<group>";
		};
		0ACACC4C177F5E9400F522E1 /* Products */ = {
			isa = PBXGroup;
			children = (
				0ACACC4B177F5E9400F522E1 /* IOS-Freebox.app */,
			);
			name = Products;
			sourceTree = "<group>";
		};
		0ACACC4D177F5E9400F522E1 /* Frameworks */ = {
			isa = PBXGroup;
			children = (
				0ACACC4E177F5E9400F522E1 /* UIKit.framework */,
				0ACACC50177F5E9400F522E1 /* Foundation.framework */,
				0ACACC52177F5E9400F522E1 /* CoreGraphics.framework */,
			);
			name = Frameworks;
			sourceTree = "<group>";
		};
		0ACACC54177F5E9400F522E1 /* IOS-Freebox */ = {
			isa = PBXGroup;
			children = (
				0ACACC5D177F5E9400F522E1 /* LMAppDelegate.h */,
				0ACACC5E177F5E9400F522E1 /* LMAppDelegate.m */,
				0ACACC66177F5E9400F522E1 /* MainStoryboard_iPhone.storyboard */,
				0ACACC69177F5E9400F522E1 /* MainStoryboard_iPad.storyboard */,
				0ACACC6C177F5E9400F522E1 /* LMViewController.h */,
				0ACACC6D177F5E9400F522E1 /* LMViewController.m */,
				0ACACC55177F5E9400F522E1 /* Supporting Files */,
			);
			path = "IOS-Freebox";
			sourceTree = "<group>";
		};
		0ACACC55177F5E9400F522E1 /* Supporting Files */ = {
			isa = PBXGroup;
			children = (
				0ACACC56177F5E9400F522E1 /* IOS-Freebox-Info.plist */,
				0ACACC57177F5E9400F522E1 /* InfoPlist.strings */,
				0ACACC5A177F5E9400F522E1 /* main.m */,
				0ACACC5C177F5E9400F522E1 /* IOS-Freebox-Prefix.pch */,
				0ACACC60177F5E9400F522E1 /* Default.png */,
				0ACACC62177F5E9400F522E1 /* Default@2x.png */,
				0ACACC64177F5E9400F522E1 /* Default-568h@2x.png */,
			);
			name = "Supporting Files";
			sourceTree = "<group>";
		};
/* End PBXGroup section */

/* Begin PBXNativeTarget section */
		0ACACC4A177F5E9400F522E1 /* IOS-Freebox */ = {
			isa = PBXNativeTarget;
			buildConfigurationList = 0ACACC71177F5E9400F522E1 /* Build configuration list for PBXNativeTarget "IOS-Freebox" */;
			buildPhases = (
				0ACACC47177F5E9400F522E1 /* Sources */,
				0ACACC48177F5E9400F522E1 /* Frameworks */,
				0ACACC49177F5E9400F522E1 /* Resources */,
			);
			buildRules = (
			);
			dependencies = (
			);
			name = "IOS-Freebox";
			productName = "IOS-Freebox";
			productReference = 0ACACC4B177F5E9400F522E1 /* IOS-Freebox.app */;
			productType = "com.apple.product-type.application";
		};
/* End PBXNativeTarget section */

/* Begin PBXProject section */
		0ACACC43177F5E9300F522E1 /* Project object */ = {
			isa = PBXProject;
			attributes = {
				CLASSPREFIX = LM;
				LastUpgradeCheck = 0460;
				ORGANIZATIONNAME = ADSI_rleonard;
			};
			buildConfigurationList = 0ACACC46177F5E9300F522E1 /* Build configuration list for PBXProject "IOS-Freebox" */;
			compatibilityVersion = "Xcode 3.2";
			developmentRegion = English;
			hasScannedForEncodings = 0;
			knownRegions = (
				en,
			);
			mainGroup = 0ACACC42177F5E9300F522E1;
			productRefGroup = 0ACACC4C177F5E9400F522E1 /* Products */;
			projectDirPath = "";
			projectRoot = "";
			targets = (
				0ACACC4A177F5E9400F522E1 /* IOS-Freebox */,
			);
		};
/* End PBXProject section */

/* Begin PBXResourcesBuildPhase section */
		0ACACC49177F5E9400F522E1 /* Resources */ = {
			isa = PBXResourcesBuildPhase;
			buildActionMask = 2147483647;
			files = (
				0ACACC59177F5E9400F522E1 /* InfoPlist.strings in Resources */,
				0ACACC61177F5E9400F522E1 /* Default.png in Resources */,
				0ACACC63177F5E9400F522E1 /* Default@2x.png in Resources */,
				0ACACC65177F5E9400F522E1 /* Default-568h@2x.png in Resources */,
				0ACACC68177F5E9400F522E1 /* MainStoryboard_iPhone.storyboard in Resources */,
				0ACACC6B177F5E9400F522E1 /* MainStoryboard_iPad.storyboard in Resources */,
			);
			runOnlyForDeploymentPostprocessing = 0;
		};
/* End PBXResourcesBuildPhase section */

/* Begin PBXSourcesBuildPhase section */
		0ACACC47177F5E9400F522E1 /* Sources */ = {
			isa = PBXSourcesBuildPhase;
			buildActionMask = 2147483647;
			files = (
				0ACACC5B177F5E9400F522E1 /* main.m in Sources */,
				0ACACC5F177F5E9400F522E1 /* LMAppDelegate.m in Sources */,
				0ACACC6E177F5E9400F522E1 /* LMViewController.m in Sources */,
			);
			runOnlyForDeploymentPostprocessing = 0;
		};
/* End PBXSourcesBuildPhase section */

/* Begin PBXVariantGroup section */
		0ACACC57177F5E9400F522E1 /* InfoPlist.strings */ = {
			isa = PBXVariantGroup;
			children = (
				0ACACC58177F5E9400F522E1 /* en */,
			);
			name = InfoPlist.strings;
			sourceTree = "<group>";
		};
		0ACACC66177F5E9400F522E1 /* MainStoryboard_iPhone.storyboard */ = {
			isa = PBXVariantGroup;
			children = (
				0ACACC67177F5E9400F522E1 /* en */,
			);
			name = MainStoryboard_iPhone.storyboard;
			sourceTree = "<group>";
		};
		0ACACC69177F5E9400F522E1 /* MainStoryboard_iPad.storyboard */ = {
			isa = PBXVariantGroup;
			children = (
				0ACACC6A177F5E9400F522E1 /* en */,
			);
			name = MainStoryboard_iPad.storyboard;
			sourceTree = "<group>";
		};
/* End PBXVariantGroup section */

/* Begin XCBuildConfiguration section */
		0ACACC6F177F5E9400F522E1 /* Debug */ = {
			isa = XCBuildConfiguration;
			buildSettings = {
				ALWAYS_SEARCH_USER_PATHS = NO;
				CLANG_CXX_LANGUAGE_STANDARD = "gnu++0x";
				CLANG_CXX_LIBRARY = "libc++";
				CLANG_WARN_CONSTANT_CONVERSION = YES;
				CLANG_WARN_EMPTY_BODY = YES;
				CLANG_WARN_ENUM_CONVERSION = YES;
				CLANG_WARN_INT_CONVERSION = YES;
				CLANG_WARN__DUPLICATE_METHOD_MATCH = YES;
				"CODE_SIGN_IDENTITY[sdk=iphoneos*]" = "iPhone Developer";
				COPY_PHASE_STRIP = NO;
				GCC_C_LANGUAGE_STANDARD = gnu99;
				GCC_DYNAMIC_NO_PIC = NO;
				GCC_OPTIMIZATION_LEVEL = 0;
				GCC_PREPROCESSOR_DEFINITIONS = (
					"DEBUG=1",
					"$(inherited)",
				);
				GCC_SYMBOLS_PRIVATE_EXTERN = NO;
				GCC_WARN_ABOUT_RETURN_TYPE = YES;
				GCC_WARN_UNINITIALIZED_AUTOS = YES;
				GCC_WARN_UNUSED_VARIABLE = YES;
				IPHONEOS_DEPLOYMENT_TARGET = 6.1;
				ONLY_ACTIVE_ARCH = YES;
				SDKROOT = iphoneos;
				TARGETED_DEVICE_FAMILY = "1,2";
			};
			name = Debug;
		};
		0ACACC70177F5E9400F522E1 /* Release */ = {
			isa = XCBuildConfiguration;
			buildSettings = {
				ALWAYS_SEARCH_USER_PATHS = NO;
				CLANG_CXX_LANGUAGE_STANDARD = "gnu++0x";
				CLANG_CXX_LIBRARY = "libc++";
				CLANG_WARN_CONSTANT_CONVERSION = YES;
				CLANG_WARN_EMPTY_BODY = YES;
				CLANG_WARN_ENUM_CONVERSION = YES;
				CLANG_WARN_INT_CONVERSION = YES;
				CLANG_WARN__DUPLICATE_METHOD_MATCH = YES;
				"CODE_SIGN_IDENTITY[sdk=iphoneos*]" = "iPhone Developer";
				COPY_PHASE_STRIP = YES;
				GCC_C_LANGUAGE_STANDARD = gnu99;
				GCC_WARN_ABOUT_RETURN_TYPE = YES;
				GCC_WARN_UNINITIALIZED_AUTOS = YES;
				GCC_WARN_UNUSED_VARIABLE = YES;
				IPHONEOS_DEPLOYMENT_TARGET = 6.1;
				OTHER_CFLAGS = "-DNS_BLOCK_ASSERTIONS=1";
				SDKROOT = iphoneos;
				TARGETED_DEVICE_FAMILY = "1,2";
				VALIDATE_PRODUCT = YES;
			};
			name = Release;
		};
		0ACACC72177F5E9400F522E1 /* Debug */ = {
			isa = XCBuildConfiguration;
			buildSettings = {
				GCC_PRECOMPILE_PREFIX_HEADER = YES;
				GCC_PREFIX_HEADER = "IOS-Freebox/IOS-Freebox-Prefix.pch";
				INFOPLIST_FILE = "IOS-Freebox/IOS-Freebox-Info.plist";
				PRODUCT_NAME = "$(TARGET_NAME)";
				WRAPPER_EXTENSION = app;
			};
			name = Debug;
		};
		0ACACC73177F5E9400F522E1 /* Release */ = {
			isa = XCBuildConfiguration;
			buildSettings = {
				GCC_PRECOMPILE_PREFIX_HEADER = YES;
				GCC_PREFIX_HEADER = "IOS-Freebox/IOS-Freebox-Prefix.pch";
				INFOPLIST_FILE = "IOS-Freebox/IOS-Freebox-Info.plist";
				PRODUCT_NAME = "$(TARGET_NAME)";
				WRAPPER_EXTENSION = app;
			};
			name = Release;
		};
/* End XCBuildConfiguration section */

/* Begin XCConfigurationList section */
		0ACACC46177F5E9300F522E1 /* Build configuration list for PBXProject "IOS-Freebox" */ = {
			isa = XCConfigurationList;
			buildConfigurations = (
				0ACACC6F177F5E9400F522E1 /* Debug */,
				0ACACC70177F5E9400F522E1 /* Release */,
			);
			defaultConfigurationIsVisible = 0;
			defaultConfigurationName = Release;
		};
		0ACACC71177F5E9400F522E1 /* Build configuration list for PBXNativeTarget "IOS-Freebox" */ = {
			isa = XCConfigurationList;
			buildConfigurations = (
				0ACACC72177F5E9400F522E1 /* Debug */,
				0ACACC73177F5E9400F522E1 /* Release */,
			);
			defaultConfigurationIsVisible = 0;
		};
/* End XCConfigurationList section */
	};
	rootObject = 0ACACC43177F5E9300F522E1 /* Project object */;
}
